// !$*UTF8*$!
{
	archiveVersion = 1;
	classes = {
	};
	objectVersion = 46;
	objects = {

/* Begin PBXBuildFile section */
		0015D84E1B8A4F7700D94F6E /* AppDelegate.swift in Sources */ = {isa = PBXBuildFile; fileRef = 0015D84D1B8A4F7700D94F6E /* AppDelegate.swift */; };
		0015D8501B8A4F7700D94F6E /* ViewController.swift in Sources */ = {isa = PBXBuildFile; fileRef = 0015D84F1B8A4F7700D94F6E /* ViewController.swift */; };
		0015D8531B8A4F7700D94F6E /* Main.storyboard in Resources */ = {isa = PBXBuildFile; fileRef = 0015D8511B8A4F7700D94F6E /* Main.storyboard */; };
		0015D8551B8A4F7700D94F6E /* Assets.xcassets in Resources */ = {isa = PBXBuildFile; fileRef = 0015D8541B8A4F7700D94F6E /* Assets.xcassets */; };
		0015D8581B8A4F7700D94F6E /* LaunchScreen.storyboard in Resources */ = {isa = PBXBuildFile; fileRef = 0015D8561B8A4F7700D94F6E /* LaunchScreen.storyboard */; };
		0015D8631B8A4F7700D94F6E /* HappinessTests.swift in Sources */ = {isa = PBXBuildFile; fileRef = 0015D8621B8A4F7700D94F6E /* HappinessTests.swift */; };
		0015D86E1B8A4F7700D94F6E /* HappinessUITests.swift in Sources */ = {isa = PBXBuildFile; fileRef = 0015D86D1B8A4F7700D94F6E /* HappinessUITests.swift */; };
/* End PBXBuildFile section */

/* Begin PBXContainerItemProxy section */
		0015D85F1B8A4F7700D94F6E /* PBXContainerItemProxy */ = {
			isa = PBXContainerItemProxy;
			containerPortal = 0015D8421B8A4F7700D94F6E /* Project object */;
			proxyType = 1;
			remoteGlobalIDString = 0015D8491B8A4F7700D94F6E;
			remoteInfo = Happiness;
		};
		0015D86A1B8A4F7700D94F6E /* PBXContainerItemProxy */ = {
			isa = PBXContainerItemProxy;
			containerPortal = 0015D8421B8A4F7700D94F6E /* Project object */;
			proxyType = 1;
			remoteGlobalIDString = 0015D8491B8A4F7700D94F6E;
			remoteInfo = Happiness;
		};
/* End PBXContainerItemProxy section */

/* Begin PBXFileReference section */
		0015D84A1B8A4F7700D94F6E /* Happiness.app */ = {isa = PBXFileReference; explicitFileType = wrapper.application; includeInIndex = 0; path = Happiness.app; sourceTree = BUILT_PRODUCTS_DIR; };
		0015D84D1B8A4F7700D94F6E /* AppDelegate.swift */ = {isa = PBXFileReference; lastKnownFileType = sourcecode.swift; path = AppDelegate.swift; sourceTree = "<group>"; };
		0015D84F1B8A4F7700D94F6E /* ViewController.swift */ = {isa = PBXFileReference; lastKnownFileType = sourcecode.swift; path = ViewController.swift; sourceTree = "<group>"; };
		0015D8521B8A4F7700D94F6E /* Base */ = {isa = PBXFileReference; lastKnownFileType = file.storyboard; name = Base; path = Base.lproj/Main.storyboard; sourceTree = "<group>"; };
		0015D8541B8A4F7700D94F6E /* Assets.xcassets */ = {isa = PBXFileReference; lastKnownFileType = folder.assetcatalog; path = Assets.xcassets; sourceTree = "<group>"; };
		0015D8571B8A4F7700D94F6E /* Base */ = {isa = PBXFileReference; lastKnownFileType = file.storyboard; name = Base; path = Base.lproj/LaunchScreen.storyboard; sourceTree = "<group>"; };
		0015D8591B8A4F7700D94F6E /* Info.plist */ = {isa = PBXFileReference; lastKnownFileType = text.plist.xml; path = Info.plist; sourceTree = "<group>"; };
		0015D85E1B8A4F7700D94F6E /* HappinessTests.xctest */ = {isa = PBXFileReference; explicitFileType = wrapper.cfbundle; includeInIndex = 0; path = HappinessTests.xctest; sourceTree = BUILT_PRODUCTS_DIR; };
		0015D8621B8A4F7700D94F6E /* HappinessTests.swift */ = {isa = PBXFileReference; lastKnownFileType = sourcecode.swift; path = HappinessTests.swift; sourceTree = "<group>"; };
		0015D8641B8A4F7700D94F6E /* Info.plist */ = {isa = PBXFileReference; lastKnownFileType = text.plist.xml; path = Info.plist; sourceTree = "<group>"; };
		0015D8691B8A4F7700D94F6E /* HappinessUITests.xctest */ = {isa = PBXFileReference; explicitFileType = wrapper.cfbundle; includeInIndex = 0; path = HappinessUITests.xctest; sourceTree = BUILT_PRODUCTS_DIR; };
		0015D86D1B8A4F7700D94F6E /* HappinessUITests.swift */ = {isa = PBXFileReference; lastKnownFileType = sourcecode.swift; path = HappinessUITests.swift; sourceTree = "<group>"; };
		0015D86F1B8A4F7700D94F6E /* Info.plist */ = {isa = PBXFileReference; lastKnownFileType = text.plist.xml; path = Info.plist; sourceTree = "<group>"; };
/* End PBXFileReference section */

/* Begin PBXFrameworksBuildPhase section */
		0015D8471B8A4F7700D94F6E /* Frameworks */ = {
			isa = PBXFrameworksBuildPhase;
			buildActionMask = 2147483647;
			files = (
			);
			runOnlyForDeploymentPostprocessing = 0;
		};
		0015D85B1B8A4F7700D94F6E /* Frameworks */ = {
			isa = PBXFrameworksBuildPhase;
			buildActionMask = 2147483647;
			files = (
			);
			runOnlyForDeploymentPostprocessing = 0;
		};
		0015D8661B8A4F7700D94F6E /* Frameworks */ = {
			isa = PBXFrameworksBuildPhase;
			buildActionMask = 2147483647;
			files = (
			);
			runOnlyForDeploymentPostprocessing = 0;
		};
/* End PBXFrameworksBuildPhase section */

/* Begin PBXGroup section */
		0015D8411B8A4F7700D94F6E = {
			isa = PBXGroup;
			children = (
				0015D84C1B8A4F7700D94F6E /* Happiness */,
				0015D8611B8A4F7700D94F6E /* HappinessTests */,
				0015D86C1B8A4F7700D94F6E /* HappinessUITests */,
				0015D84B1B8A4F7700D94F6E /* Products */,
			);
			sourceTree = "<group>";
		};
		0015D84B1B8A4F7700D94F6E /* Products */ = {
			isa = PBXGroup;
			children = (
				0015D84A1B8A4F7700D94F6E /* Happiness.app */,
				0015D85E1B8A4F7700D94F6E /* HappinessTests.xctest */,
				0015D8691B8A4F7700D94F6E /* HappinessUITests.xctest */,
			);
			name = Products;
			sourceTree = "<group>";
		};
		0015D84C1B8A4F7700D94F6E /* Happiness */ = {
			isa = PBXGroup;
			children = (
				0015D84D1B8A4F7700D94F6E /* AppDelegate.swift */,
				0015D84F1B8A4F7700D94F6E /* ViewController.swift */,
				0015D8511B8A4F7700D94F6E /* Main.storyboard */,
				0015D8541B8A4F7700D94F6E /* Assets.xcassets */,
				0015D8561B8A4F7700D94F6E /* LaunchScreen.storyboard */,
				0015D8591B8A4F7700D94F6E /* Info.plist */,
			);
			path = Happiness;
			sourceTree = "<group>";
		};
		0015D8611B8A4F7700D94F6E /* HappinessTests */ = {
			isa = PBXGroup;
			children = (
				0015D8621B8A4F7700D94F6E /* HappinessTests.swift */,
				0015D8641B8A4F7700D94F6E /* Info.plist */,
			);
			path = HappinessTests;
			sourceTree = "<group>";
		};
		0015D86C1B8A4F7700D94F6E /* HappinessUITests */ = {
			isa = PBXGroup;
			children = (
				0015D86D1B8A4F7700D94F6E /* HappinessUITests.swift */,
				0015D86F1B8A4F7700D94F6E /* Info.plist */,
			);
			path = HappinessUITests;
			sourceTree = "<group>";
		};
/* End PBXGroup section */

/* Begin PBXNativeTarget section */
		0015D8491B8A4F7700D94F6E /* Happiness */ = {
			isa = PBXNativeTarget;
			buildConfigurationList = 0015D8721B8A4F7700D94F6E /* Build configuration list for PBXNativeTarget "Happiness" */;
			buildPhases = (
				0015D8461B8A4F7700D94F6E /* Sources */,
				0015D8471B8A4F7700D94F6E /* Frameworks */,
				0015D8481B8A4F7700D94F6E /* Resources */,
			);
			buildRules = (
			);
			dependencies = (
			);
			name = Happiness;
			productName = Happiness;
			productReference = 0015D84A1B8A4F7700D94F6E /* Happiness.app */;
			productType = "com.apple.product-type.application";
		};
		0015D85D1B8A4F7700D94F6E /* HappinessTests */ = {
			isa = PBXNativeTarget;
			buildConfigurationList = 0015D8751B8A4F7700D94F6E /* Build configuration list for PBXNativeTarget "HappinessTests" */;
			buildPhases = (
				0015D85A1B8A4F7700D94F6E /* Sources */,
				0015D85B1B8A4F7700D94F6E /* Frameworks */,
				0015D85C1B8A4F7700D94F6E /* Resources */,
			);
			buildRules = (
			);
			dependencies = (
				0015D8601B8A4F7700D94F6E /* PBXTargetDependency */,
			);
			name = HappinessTests;
			productName = HappinessTests;
			productReference = 0015D85E1B8A4F7700D94F6E /* HappinessTests.xctest */;
			productType = "com.apple.product-type.bundle.unit-test";
		};
		0015D8681B8A4F7700D94F6E /* HappinessUITests */ = {
			isa = PBXNativeTarget;
			buildConfigurationList = 0015D8781B8A4F7700D94F6E /* Build configuration list for PBXNativeTarget "HappinessUITests" */;
			buildPhases = (
				0015D8651B8A4F7700D94F6E /* Sources */,
				0015D8661B8A4F7700D94F6E /* Frameworks */,
				0015D8671B8A4F7700D94F6E /* Resources */,
			);
			buildRules = (
			);
			dependencies = (
				0015D86B1B8A4F7700D94F6E /* PBXTargetDependency */,
			);
			name = HappinessUITests;
			productName = HappinessUITests;
			productReference = 0015D8691B8A4F7700D94F6E /* HappinessUITests.xctest */;
			productType = "com.apple.product-type.bundle.ui-testing";
		};
/* End PBXNativeTarget section */

/* Begin PBXProject section */
		0015D8421B8A4F7700D94F6E /* Project object */ = {
			isa = PBXProject;
			attributes = {
				LastUpgradeCheck = 0700;
				ORGANIZATIONNAME = "Appliest LLC";
				TargetAttributes = {
					0015D8491B8A4F7700D94F6E = {
						CreatedOnToolsVersion = 7.0;
					};
					0015D85D1B8A4F7700D94F6E = {
						CreatedOnToolsVersion = 7.0;
						TestTargetID = 0015D8491B8A4F7700D94F6E;
					};
					0015D8681B8A4F7700D94F6E = {
						CreatedOnToolsVersion = 7.0;
						TestTargetID = 0015D8491B8A4F7700D94F6E;
					};
				};
			};
			buildConfigurationList = 0015D8451B8A4F7700D94F6E /* Build configuration list for PBXProject "Happiness" */;
			compatibilityVersion = "Xcode 3.2";
			developmentRegion = English;
			hasScannedForEncodings = 0;
			knownRegions = (
				en,
				Base,
			);
			mainGroup = 0015D8411B8A4F7700D94F6E;
			productRefGroup = 0015D84B1B8A4F7700D94F6E /* Products */;
			projectDirPath = "";
			projectRoot = "";
			targets = (
				0015D8491B8A4F7700D94F6E /* Happiness */,
				0015D85D1B8A4F7700D94F6E /* HappinessTests */,
				0015D8681B8A4F7700D94F6E /* HappinessUITests */,
			);
		};
/* End PBXProject section */

/* Begin PBXResourcesBuildPhase section */
		0015D8481B8A4F7700D94F6E /* Resources */ = {
			isa = PBXResourcesBuildPhase;
			buildActionMask = 2147483647;
			files = (
				0015D8581B8A4F7700D94F6E /* LaunchScreen.storyboard in Resources */,
				0015D8551B8A4F7700D94F6E /* Assets.xcassets in Resources */,
				0015D8531B8A4F7700D94F6E /* Main.storyboard in Resources */,
			);
			runOnlyForDeploymentPostprocessing = 0;
		};
		0015D85C1B8A4F7700D94F6E /* Resources */ = {
			isa = PBXResourcesBuildPhase;
			buildActionMask = 2147483647;
			files = (
			);
			runOnlyForDeploymentPostprocessing = 0;
		};
		0015D8671B8A4F7700D94F6E /* Resources */ = {
			isa = PBXResourcesBuildPhase;
			buildActionMask = 2147483647;
			files = (
			);
			runOnlyForDeploymentPostprocessing = 0;
		};
/* End PBXResourcesBuildPhase section */

/* Begin PBXSourcesBuildPhase section */
		0015D8461B8A4F7700D94F6E /* Sources */ = {
			isa = PBXSourcesBuildPhase;
			buildActionMask = 2147483647;
			files = (
				0015D8501B8A4F7700D94F6E /* ViewController.swift in Sources */,
				0015D84E1B8A4F7700D94F6E /* AppDelegate.swift in Sources */,
			);
			runOnlyForDeploymentPostprocessing = 0;
		};
		0015D85A1B8A4F7700D94F6E /* Sources */ = {
			isa = PBXSourcesBuildPhase;
			buildActionMask = 2147483647;
			files = (
				0015D8631B8A4F7700D94F6E /* HappinessTests.swift in Sources */,
			);
			runOnlyForDeploymentPostprocessing = 0;
		};
		0015D8651B8A4F7700D94F6E /* Sources */ = {
			isa = PBXSourcesBuildPhase;
			buildActionMask = 2147483647;
			files = (
				0015D86E1B8A4F7700D94F6E /* HappinessUITests.swift in Sources */,
			);
			runOnlyForDeploymentPostprocessing = 0;
		};
/* End PBXSourcesBuildPhase section */

/* Begin PBXTargetDependency section */
		0015D8601B8A4F7700D94F6E /* PBXTargetDependency */ = {
			isa = PBXTargetDependency;
			target = 0015D8491B8A4F7700D94F6E /* Happiness */;
			targetProxy = 0015D85F1B8A4F7700D94F6E /* PBXContainerItemProxy */;
		};
		0015D86B1B8A4F7700D94F6E /* PBXTargetDependency */ = {
			isa = PBXTargetDependency;
			target = 0015D8491B8A4F7700D94F6E /* Happiness */;
			targetProxy = 0015D86A1B8A4F7700D94F6E /* PBXContainerItemProxy */;
		};
/* End PBXTargetDependency section */

/* Begin PBXVariantGroup section */
		0015D8511B8A4F7700D94F6E /* Main.storyboard */ = {
			isa = PBXVariantGroup;
			children = (
				0015D8521B8A4F7700D94F6E /* Base */,
			);
			name = Main.storyboard;
			sourceTree = "<group>";
		};
		0015D8561B8A4F7700D94F6E /* LaunchScreen.storyboard */ = {
			isa = PBXVariantGroup;
			children = (
				0015D8571B8A4F7700D94F6E /* Base */,
			);
			name = LaunchScreen.storyboard;
			sourceTree = "<group>";
		};
/* End PBXVariantGroup section */

/* Begin XCBuildConfiguration section */
		0015D8701B8A4F7700D94F6E /* Debug */ = {
			isa = XCBuildConfiguration;
			buildSettings = {
				ALWAYS_SEARCH_USER_PATHS = NO;
				CLANG_CXX_LANGUAGE_STANDARD = "gnu++0x";
				CLANG_CXX_LIBRARY = "libc++";
				CLANG_ENABLE_MODULES = YES;
				CLANG_ENABLE_OBJC_ARC = YES;
				CLANG_WARN_BOOL_CONVERSION = YES;
				CLANG_WARN_CONSTANT_CONVERSION = YES;
				CLANG_WARN_DIRECT_OBJC_ISA_USAGE = YES_ERROR;
				CLANG_WARN_EMPTY_BODY = YES;
				CLANG_WARN_ENUM_CONVERSION = YES;
				CLANG_WARN_INT_CONVERSION = YES;
				CLANG_WARN_OBJC_ROOT_CLASS = YES_ERROR;
				CLANG_WARN_UNREACHABLE_CODE = YES;
				CLANG_WARN__DUPLICATE_METHOD_MATCH = YES;
				"CODE_SIGN_IDENTITY[sdk=iphoneos*]" = "iPhone Developer";
				COPY_PHASE_STRIP = NO;
				DEBUG_INFORMATION_FORMAT = dwarf;
				ENABLE_STRICT_OBJC_MSGSEND = YES;
				ENABLE_TESTABILITY = YES;
				GCC_C_LANGUAGE_STANDARD = gnu99;
				GCC_DYNAMIC_NO_PIC = NO;
				GCC_NO_COMMON_BLOCKS = YES;
				GCC_OPTIMIZATION_LEVEL = 0;
				GCC_PREPROCESSOR_DEFINITIONS = (
					"DEBUG=1",
					"$(inherited)",
				);
				GCC_WARN_64_TO_32_BIT_CONVERSION = YES;
				GCC_WARN_ABOUT_RETURN_TYPE = YES_ERROR;
				GCC_WARN_UNDECLARED_SELECTOR = YES;
				GCC_WARN_UNINITIALIZED_AUTOS = YES_AGGRESSIVE;
				GCC_WARN_UNUSED_FUNCTION = YES;
				GCC_WARN_UNUSED_VARIABLE = YES;
				IPHONEOS_DEPLOYMENT_TARGET = 9.0;
				MTL_ENABLE_DEBUG_INFO = YES;
				ONLY_ACTIVE_ARCH = YES;
				SDKROOT = iphoneos;
				SWIFT_OPTIMIZATION_LEVEL = "-Onone";
			};
			name = Debug;
		};
		0015D8711B8A4F7700D94F6E /* Release */ = {
			isa = XCBuildConfiguration;
			buildSettings = {
				ALWAYS_SEARCH_USER_PATHS = NO;
				CLANG_CXX_LANGUAGE_STANDARD = "gnu++0x";
				CLANG_CXX_LIBRARY = "libc++";
				CLANG_ENABLE_MODULES = YES;
				CLANG_ENABLE_OBJC_ARC = YES;
				CLANG_WARN_BOOL_CONVERSION = YES;
				CLANG_WARN_CONSTANT_CONVERSION = YES;
				CLANG_WARN_DIRECT_OBJC_ISA_USAGE = YES_ERROR;
				CLANG_WARN_EMPTY_BODY = YES;
				CLANG_WARN_ENUM_CONVERSION = YES;
				CLANG_WARN_INT_CONVERSION = YES;
				CLANG_WARN_OBJC_ROOT_CLASS = YES_ERROR;
				CLANG_WARN_UNREACHABLE_CODE = YES;
				CLANG_WARN__DUPLICATE_METHOD_MATCH = YES;
				"CODE_SIGN_IDENTITY[sdk=iphoneos*]" = "iPhone Developer";
				COPY_PHASE_STRIP = NO;
				DEBUG_INFORMATION_FORMAT = "dwarf-with-dsym";
				ENABLE_NS_ASSERTIONS = NO;
				ENABLE_STRICT_OBJC_MSGSEND = YES;
				GCC_C_LANGUAGE_STANDARD = gnu99;
				GCC_NO_COMMON_BLOCKS = YES;
				GCC_WARN_64_TO_32_BIT_CONVERSION = YES;
				GCC_WARN_ABOUT_RETURN_TYPE = YES_ERROR;
				GCC_WARN_UNDECLARED_SELECTOR = YES;
				GCC_WARN_UNINITIALIZED_AUTOS = YES_AGGRESSIVE;
				GCC_WARN_UNUSED_FUNCTION = YES;
				GCC_WARN_UNUSED_VARIABLE = YES;
				IPHONEOS_DEPLOYMENT_TARGET = 9.0;
				MTL_ENABLE_DEBUG_INFO = NO;
				SDKROOT = iphoneos;
				VALIDATE_PRODUCT = YES;
			};
			name = Release;
		};
		0015D8731B8A4F7700D94F6E /* Debug */ = {
			isa = XCBuildConfiguration;
			buildSettings = {
				ASSETCATALOG_COMPILER_APPICON_NAME = AppIcon;
				INFOPLIST_FILE = Happiness/Info.plist;
				LD_RUNPATH_SEARCH_PATHS = "$(inherited) @executable_path/Frameworks";
				PRODUCT_BUNDLE_IDENTIFIER = com.appliest.Happiness;
				PRODUCT_NAME = "$(TARGET_NAME)";
			};
			name = Debug;
		};
		0015D8741B8A4F7700D94F6E /* Release */ = {
			isa = XCBuildConfiguration;
			buildSettings = {
				ASSETCATALOG_COMPILER_APPICON_NAME = AppIcon;
				INFOPLIST_FILE = Happiness/Info.plist;
				LD_RUNPATH_SEARCH_PATHS = "$(inherited) @executable_path/Frameworks";
				PRODUCT_BUNDLE_IDENTIFIER = com.appliest.Happiness;
				PRODUCT_NAME = "$(TARGET_NAME)";
			};
			name = Release;
		};
		0015D8761B8A4F7700D94F6E /* Debug */ = {
			isa = XCBuildConfiguration;
			buildSettings = {
				BUNDLE_LOADER = "$(TEST_HOST)";
				INFOPLIST_FILE = HappinessTests/Info.plist;
				LD_RUNPATH_SEARCH_PATHS = "$(inherited) @executable_path/Frameworks @loader_path/Frameworks";
				PRODUCT_BUNDLE_IDENTIFIER = com.appliest.HappinessTests;
				PRODUCT_NAME = "$(TARGET_NAME)";
				TEST_HOST = "$(BUILT_PRODUCTS_DIR)/Happiness.app/Happiness";
			};
			name = Debug;
		};
		0015D8771B8A4F7700D94F6E /* Release */ = {
			isa = XCBuildConfiguration;
			buildSettings = {
				BUNDLE_LOADER = "$(TEST_HOST)";
				INFOPLIST_FILE = HappinessTests/Info.plist;
				LD_RUNPATH_SEARCH_PATHS = "$(inherited) @executable_path/Frameworks @loader_path/Frameworks";
				PRODUCT_BUNDLE_IDENTIFIER = com.appliest.HappinessTests;
				PRODUCT_NAME = "$(TARGET_NAME)";
				TEST_HOST = "$(BUILT_PRODUCTS_DIR)/Happiness.app/Happiness";
			};
			name = Release;
		};
		0015D8791B8A4F7700D94F6E /* Debug */ = {
			isa = XCBuildConfiguration;
			buildSettings = {
				INFOPLIST_FILE = HappinessUITests/Info.plist;
				LD_RUNPATH_SEARCH_PATHS = "$(inherited) @executable_path/Frameworks @loader_path/Frameworks";
				PRODUCT_BUNDLE_IDENTIFIER = com.appliest.HappinessUITests;
				PRODUCT_NAME = "$(TARGET_NAME)";
				TEST_TARGET_NAME = Happiness;
				USES_XCTRUNNER = YES;
			};
			name = Debug;
		};
		0015D87A1B8A4F7700D94F6E /* Release */ = {
			isa = XCBuildConfiguration;
			buildSettings = {
				INFOPLIST_FILE = HappinessUITests/Info.plist;
				LD_RUNPATH_SEARCH_PATHS = "$(inherited) @executable_path/Frameworks @loader_path/Frameworks";
				PRODUCT_BUNDLE_IDENTIFIER = com.appliest.HappinessUITests;
				PRODUCT_NAME = "$(TARGET_NAME)";
				TEST_TARGET_NAME = Happiness;
				USES_XCTRUNNER = YES;
			};
			name = Release;
		};
/* End XCBuildConfiguration section */

/* Begin XCConfigurationList section */
		0015D8451B8A4F7700D94F6E /* Build configuration list for PBXProject "Happiness" */ = {
			isa = XCConfigurationList;
			buildConfigurations = (
				0015D8701B8A4F7700D94F6E /* Debug */,
				0015D8711B8A4F7700D94F6E /* Release */,
			);
			defaultConfigurationIsVisible = 0;
			defaultConfigurationName = Release;
		};
		0015D8721B8A4F7700D94F6E /* Build configuration list for PBXNativeTarget "Happiness" */ = {
			isa = XCConfigurationList;
			buildConfigurations = (
				0015D8731B8A4F7700D94F6E /* Debug */,
				0015D8741B8A4F7700D94F6E /* Release */,
			);
			defaultConfigurationIsVisible = 0;
		};
		0015D8751B8A4F7700D94F6E /* Build configuration list for PBXNativeTarget "HappinessTests" */ = {
			isa = XCConfigurationList;
			buildConfigurations = (
				0015D8761B8A4F7700D94F6E /* Debug */,
				0015D8771B8A4F7700D94F6E /* Release */,
			);
			defaultConfigurationIsVisible = 0;
		};
		0015D8781B8A4F7700D94F6E /* Build configuration list for PBXNativeTarget "HappinessUITests" */ = {
			isa = XCConfigurationList;
			buildConfigurations = (
				0015D8791B8A4F7700D94F6E /* Debug */,
				0015D87A1B8A4F7700D94F6E /* Release */,
			);
			defaultConfigurationIsVisible = 0;
		};
/* End XCConfigurationList section */
	};
	rootObject = 0015D8421B8A4F7700D94F6E /* Project object */;
}
